// !$*UTF8*$!
{
	archiveVersion = 1;
	classes = {
	};
	objectVersion = 55;
	objects = {

/* Begin PBXBuildFile section */
		6242F41D27D6FE4D008248F4 /* UserNotification.swift in Sources */ = {isa = PBXBuildFile; fileRef = 6242F41C27D6FE4D008248F4 /* UserNotification.swift */; };
		6269A1EB27D3218200A03625 /* DatePickerTableViewCell.swift in Sources */ = {isa = PBXBuildFile; fileRef = 6269A1EA27D3218200A03625 /* DatePickerTableViewCell.swift */; };
		628E751527C867AF00776F6D /* AppDelegate.swift in Sources */ = {isa = PBXBuildFile; fileRef = 628E751427C867AF00776F6D /* AppDelegate.swift */; };
		628E751727C867AF00776F6D /* SceneDelegate.swift in Sources */ = {isa = PBXBuildFile; fileRef = 628E751627C867AF00776F6D /* SceneDelegate.swift */; };
		628E751F27C867AF00776F6D /* Alarm2_0.xcdatamodeld in Sources */ = {isa = PBXBuildFile; fileRef = 628E751D27C867AF00776F6D /* Alarm2_0.xcdatamodeld */; };
		628E752127C867B000776F6D /* Assets.xcassets in Resources */ = {isa = PBXBuildFile; fileRef = 628E752027C867B000776F6D /* Assets.xcassets */; };
		628E752427C867B000776F6D /* LaunchScreen.storyboard in Resources */ = {isa = PBXBuildFile; fileRef = 628E752227C867B000776F6D /* LaunchScreen.storyboard */; };
		628E753127C86C3000776F6D /* Alarm.swift in Sources */ = {isa = PBXBuildFile; fileRef = 628E753027C86C3000776F6D /* Alarm.swift */; };
		628E753327C86C8300776F6D /* AlarmMainViewController.swift in Sources */ = {isa = PBXBuildFile; fileRef = 628E753227C86C8300776F6D /* AlarmMainViewController.swift */; };
		628E753627C8736700776F6D /* AddAlarmViewController.swift in Sources */ = {isa = PBXBuildFile; fileRef = 628E753527C8736700776F6D /* AddAlarmViewController.swift */; };
		628E753827C8738600776F6D /* RepeatViewController.swift in Sources */ = {isa = PBXBuildFile; fileRef = 628E753727C8738600776F6D /* RepeatViewController.swift */; };
		628E753A27C873A300776F6D /* AlarmLabelViewController.swift in Sources */ = {isa = PBXBuildFile; fileRef = 628E753927C873A300776F6D /* AlarmLabelViewController.swift */; };
		628E753C27C8798900776F6D /* MainTabbarViewController.swift in Sources */ = {isa = PBXBuildFile; fileRef = 628E753B27C8798900776F6D /* MainTabbarViewController.swift */; };
		628E753E27C879A000776F6D /* WorldClockViewController.swift in Sources */ = {isa = PBXBuildFile; fileRef = 628E753D27C879A000776F6D /* WorldClockViewController.swift */; };
		628E754027C879AF00776F6D /* StopWatchViewController.swift in Sources */ = {isa = PBXBuildFile; fileRef = 628E753F27C879AF00776F6D /* StopWatchViewController.swift */; };
		628E754227C879C100776F6D /* TimerViewController.swift in Sources */ = {isa = PBXBuildFile; fileRef = 628E754127C879C100776F6D /* TimerViewController.swift */; };
		628E754427C8A90C00776F6D /* AddAlarmTableViewCell.swift in Sources */ = {isa = PBXBuildFile; fileRef = 628E754327C8A90C00776F6D /* AddAlarmTableViewCell.swift */; };
		628E754727C8DFF000776F6D /* DatePickerHeaderView.swift in Sources */ = {isa = PBXBuildFile; fileRef = 628E754627C8DFF000776F6D /* DatePickerHeaderView.swift */; };
		62CF4D0527CDBE37006B05E7 /* AddAlarmSwitchTableViewCell.swift in Sources */ = {isa = PBXBuildFile; fileRef = 62CF4D0427CDBE37006B05E7 /* AddAlarmSwitchTableViewCell.swift */; };
		62CF4D0727CDEE9D006B05E7 /* Protocol.swift in Sources */ = {isa = PBXBuildFile; fileRef = 62CF4D0627CDEE9D006B05E7 /* Protocol.swift */; };
		62CF4D0927CDFBCF006B05E7 /* RepeatTableViewCell.swift in Sources */ = {isa = PBXBuildFile; fileRef = 62CF4D0827CDFBCF006B05E7 /* RepeatTableViewCell.swift */; };
		62CF4D0B27CE17FC006B05E7 /* AlarmMainTableViewCell.swift in Sources */ = {isa = PBXBuildFile; fileRef = 62CF4D0A27CE17FC006B05E7 /* AlarmMainTableViewCell.swift */; };
		AF59FC207C5A8B674DF70046 /* Pods_Alarm2_0.framework in Frameworks */ = {isa = PBXBuildFile; fileRef = 0FC666ACD0D1783B96E23ECC /* Pods_Alarm2_0.framework */; };
/* End PBXBuildFile section */

/* Begin PBXFileReference section */
		0FC666ACD0D1783B96E23ECC /* Pods_Alarm2_0.framework */ = {isa = PBXFileReference; explicitFileType = wrapper.framework; includeInIndex = 0; path = Pods_Alarm2_0.framework; sourceTree = BUILT_PRODUCTS_DIR; };
		5D4216B977C073F880BF4CBF /* Pods-Alarm2.0.release.xcconfig */ = {isa = PBXFileReference; includeInIndex = 1; lastKnownFileType = text.xcconfig; name = "Pods-Alarm2.0.release.xcconfig"; path = "Target Support Files/Pods-Alarm2.0/Pods-Alarm2.0.release.xcconfig"; sourceTree = "<group>"; };
		6242F41C27D6FE4D008248F4 /* UserNotification.swift */ = {isa = PBXFileReference; lastKnownFileType = sourcecode.swift; path = UserNotification.swift; sourceTree = "<group>"; };
		6269A1EA27D3218200A03625 /* DatePickerTableViewCell.swift */ = {isa = PBXFileReference; lastKnownFileType = sourcecode.swift; path = DatePickerTableViewCell.swift; sourceTree = "<group>"; };
		628E751127C867AF00776F6D /* Alarm2.0.app */ = {isa = PBXFileReference; explicitFileType = wrapper.application; includeInIndex = 0; path = Alarm2.0.app; sourceTree = BUILT_PRODUCTS_DIR; };
		628E751427C867AF00776F6D /* AppDelegate.swift */ = {isa = PBXFileReference; lastKnownFileType = sourcecode.swift; path = AppDelegate.swift; sourceTree = "<group>"; };
		628E751627C867AF00776F6D /* SceneDelegate.swift */ = {isa = PBXFileReference; lastKnownFileType = sourcecode.swift; path = SceneDelegate.swift; sourceTree = "<group>"; };
		628E751E27C867AF00776F6D /* Alarm2_0.xcdatamodel */ = {isa = PBXFileReference; lastKnownFileType = wrapper.xcdatamodel; path = Alarm2_0.xcdatamodel; sourceTree = "<group>"; };
		628E752027C867B000776F6D /* Assets.xcassets */ = {isa = PBXFileReference; lastKnownFileType = folder.assetcatalog; path = Assets.xcassets; sourceTree = "<group>"; };
		628E752327C867B000776F6D /* Base */ = {isa = PBXFileReference; lastKnownFileType = file.storyboard; name = Base; path = Base.lproj/LaunchScreen.storyboard; sourceTree = "<group>"; };
		628E752527C867B000776F6D /* Info.plist */ = {isa = PBXFileReference; lastKnownFileType = text.plist.xml; path = Info.plist; sourceTree = "<group>"; };
		628E753027C86C3000776F6D /* Alarm.swift */ = {isa = PBXFileReference; lastKnownFileType = sourcecode.swift; path = Alarm.swift; sourceTree = "<group>"; };
		628E753227C86C8300776F6D /* AlarmMainViewController.swift */ = {isa = PBXFileReference; lastKnownFileType = sourcecode.swift; path = AlarmMainViewController.swift; sourceTree = "<group>"; };
		628E753527C8736700776F6D /* AddAlarmViewController.swift */ = {isa = PBXFileReference; lastKnownFileType = sourcecode.swift; path = AddAlarmViewController.swift; sourceTree = "<group>"; };
		628E753727C8738600776F6D /* RepeatViewController.swift */ = {isa = PBXFileReference; lastKnownFileType = sourcecode.swift; path = RepeatViewController.swift; sourceTree = "<group>"; };
		628E753927C873A300776F6D /* AlarmLabelViewController.swift */ = {isa = PBXFileReference; lastKnownFileType = sourcecode.swift; path = AlarmLabelViewController.swift; sourceTree = "<group>"; };
		628E753B27C8798900776F6D /* MainTabbarViewController.swift */ = {isa = PBXFileReference; lastKnownFileType = sourcecode.swift; path = MainTabbarViewController.swift; sourceTree = "<group>"; };
		628E753D27C879A000776F6D /* WorldClockViewController.swift */ = {isa = PBXFileReference; lastKnownFileType = sourcecode.swift; path = WorldClockViewController.swift; sourceTree = "<group>"; };
		628E753F27C879AF00776F6D /* StopWatchViewController.swift */ = {isa = PBXFileReference; lastKnownFileType = sourcecode.swift; path = StopWatchViewController.swift; sourceTree = "<group>"; };
		628E754127C879C100776F6D /* TimerViewController.swift */ = {isa = PBXFileReference; lastKnownFileType = sourcecode.swift; path = TimerViewController.swift; sourceTree = "<group>"; };
		628E754327C8A90C00776F6D /* AddAlarmTableViewCell.swift */ = {isa = PBXFileReference; lastKnownFileType = sourcecode.swift; path = AddAlarmTableViewCell.swift; sourceTree = "<group>"; };
		628E754627C8DFF000776F6D /* DatePickerHeaderView.swift */ = {isa = PBXFileReference; lastKnownFileType = sourcecode.swift; path = DatePickerHeaderView.swift; sourceTree = "<group>"; };
		62CF4D0427CDBE37006B05E7 /* AddAlarmSwitchTableViewCell.swift */ = {isa = PBXFileReference; lastKnownFileType = sourcecode.swift; path = AddAlarmSwitchTableViewCell.swift; sourceTree = "<group>"; };
		62CF4D0627CDEE9D006B05E7 /* Protocol.swift */ = {isa = PBXFileReference; lastKnownFileType = sourcecode.swift; path = Protocol.swift; sourceTree = "<group>"; };
		62CF4D0827CDFBCF006B05E7 /* RepeatTableViewCell.swift */ = {isa = PBXFileReference; lastKnownFileType = sourcecode.swift; path = RepeatTableViewCell.swift; sourceTree = "<group>"; };
		62CF4D0A27CE17FC006B05E7 /* AlarmMainTableViewCell.swift */ = {isa = PBXFileReference; lastKnownFileType = sourcecode.swift; path = AlarmMainTableViewCell.swift; sourceTree = "<group>"; };
		D762A1CE9CA911ABFC838716 /* Pods-Alarm2.0.debug.xcconfig */ = {isa = PBXFileReference; includeInIndex = 1; lastKnownFileType = text.xcconfig; name = "Pods-Alarm2.0.debug.xcconfig"; path = "Target Support Files/Pods-Alarm2.0/Pods-Alarm2.0.debug.xcconfig"; sourceTree = "<group>"; };
/* End PBXFileReference section */

/* Begin PBXFrameworksBuildPhase section */
		628E750E27C867AF00776F6D /* Frameworks */ = {
			isa = PBXFrameworksBuildPhase;
			buildActionMask = 2147483647;
			files = (
				AF59FC207C5A8B674DF70046 /* Pods_Alarm2_0.framework in Frameworks */,
			);
			runOnlyForDeploymentPostprocessing = 0;
		};
/* End PBXFrameworksBuildPhase section */

/* Begin PBXGroup section */
		6242F41B27D6FE2E008248F4 /* Helper */ = {
			isa = PBXGroup;
			children = (
				6242F41C27D6FE4D008248F4 /* UserNotification.swift */,
			);
			path = Helper;
			sourceTree = "<group>";
		};
		628E750827C867AF00776F6D = {
			isa = PBXGroup;
			children = (
				628E751327C867AF00776F6D /* Alarm2.0 */,
				628E751227C867AF00776F6D /* Products */,
				98C4AF3831790AE554577F6B /* Pods */,
				F99426BDB45BDDD09B8A9C82 /* Frameworks */,
			);
			sourceTree = "<group>";
		};
		628E751227C867AF00776F6D /* Products */ = {
			isa = PBXGroup;
			children = (
				628E751127C867AF00776F6D /* Alarm2.0.app */,
			);
			name = Products;
			sourceTree = "<group>";
		};
		628E751327C867AF00776F6D /* Alarm2.0 */ = {
			isa = PBXGroup;
			children = (
				6242F41B27D6FE2E008248F4 /* Helper */,
				628E752B27C867E700776F6D /* App */,
				628E752E27C86BE400776F6D /* Model */,
				628E752D27C8681900776F6D /* AlarmViewController */,
				628E752F27C86BFC00776F6D /* TableViewCell */,
				628E753427C86CC800776F6D /* TabBarViewController */,
				628E754527C8DFA600776F6D /* Other */,
				628E752027C867B000776F6D /* Assets.xcassets */,
				628E752227C867B000776F6D /* LaunchScreen.storyboard */,
				628E752527C867B000776F6D /* Info.plist */,
				628E751D27C867AF00776F6D /* Alarm2_0.xcdatamodeld */,
			);
			path = Alarm2.0;
			sourceTree = "<group>";
		};
		628E752B27C867E700776F6D /* App */ = {
			isa = PBXGroup;
			children = (
				628E751427C867AF00776F6D /* AppDelegate.swift */,
				628E751627C867AF00776F6D /* SceneDelegate.swift */,
			);
			path = App;
			sourceTree = "<group>";
		};
		628E752D27C8681900776F6D /* AlarmViewController */ = {
			isa = PBXGroup;
			children = (
				628E753227C86C8300776F6D /* AlarmMainViewController.swift */,
				628E753527C8736700776F6D /* AddAlarmViewController.swift */,
				628E753727C8738600776F6D /* RepeatViewController.swift */,
				628E753927C873A300776F6D /* AlarmLabelViewController.swift */,
			);
			path = AlarmViewController;
			sourceTree = "<group>";
		};
		628E752E27C86BE400776F6D /* Model */ = {
			isa = PBXGroup;
			children = (
				628E753027C86C3000776F6D /* Alarm.swift */,
				62CF4D0627CDEE9D006B05E7 /* Protocol.swift */,
			);
			path = Model;
			sourceTree = "<group>";
		};
		628E752F27C86BFC00776F6D /* TableViewCell */ = {
			isa = PBXGroup;
			children = (
				62CF4D0A27CE17FC006B05E7 /* AlarmMainTableViewCell.swift */,
				628E754327C8A90C00776F6D /* AddAlarmTableViewCell.swift */,
				62CF4D0827CDFBCF006B05E7 /* RepeatTableViewCell.swift */,
				62CF4D0427CDBE37006B05E7 /* AddAlarmSwitchTableViewCell.swift */,
				6269A1EA27D3218200A03625 /* DatePickerTableViewCell.swift */,
			);
			path = TableViewCell;
			sourceTree = "<group>";
		};
		628E753427C86CC800776F6D /* TabBarViewController */ = {
			isa = PBXGroup;
			children = (
				628E753B27C8798900776F6D /* MainTabbarViewController.swift */,
				628E753D27C879A000776F6D /* WorldClockViewController.swift */,
				628E753F27C879AF00776F6D /* StopWatchViewController.swift */,
				628E754127C879C100776F6D /* TimerViewController.swift */,
			);
			path = TabBarViewController;
			sourceTree = "<group>";
		};
		628E754527C8DFA600776F6D /* Other */ = {
			isa = PBXGroup;
			children = (
				628E754627C8DFF000776F6D /* DatePickerHeaderView.swift */,
			);
			path = Other;
			sourceTree = "<group>";
		};
		98C4AF3831790AE554577F6B /* Pods */ = {
			isa = PBXGroup;
			children = (
				D762A1CE9CA911ABFC838716 /* Pods-Alarm2.0.debug.xcconfig */,
				5D4216B977C073F880BF4CBF /* Pods-Alarm2.0.release.xcconfig */,
			);
			path = Pods;
			sourceTree = "<group>";
		};
		F99426BDB45BDDD09B8A9C82 /* Frameworks */ = {
			isa = PBXGroup;
			children = (
				0FC666ACD0D1783B96E23ECC /* Pods_Alarm2_0.framework */,
			);
			name = Frameworks;
			sourceTree = "<group>";
		};
/* End PBXGroup section */

/* Begin PBXNativeTarget section */
		628E751027C867AF00776F6D /* Alarm2.0 */ = {
			isa = PBXNativeTarget;
			buildConfigurationList = 628E752827C867B000776F6D /* Build configuration list for PBXNativeTarget "Alarm2.0" */;
			buildPhases = (
				ED89798A5F0B05D655657A8A /* [CP] Check Pods Manifest.lock */,
				628E750D27C867AF00776F6D /* Sources */,
				628E750E27C867AF00776F6D /* Frameworks */,
				628E750F27C867AF00776F6D /* Resources */,
				D75D9996AA1EC7B3022001C5 /* [CP] Embed Pods Frameworks */,
			);
			buildRules = (
			);
			dependencies = (
			);
			name = Alarm2.0;
			productName = Alarm2.0;
			productReference = 628E751127C867AF00776F6D /* Alarm2.0.app */;
			productType = "com.apple.product-type.application";
		};
/* End PBXNativeTarget section */

/* Begin PBXProject section */
		628E750927C867AF00776F6D /* Project object */ = {
			isa = PBXProject;
			attributes = {
				BuildIndependentTargetsInParallel = 1;
				LastSwiftUpdateCheck = 1320;
				LastUpgradeCheck = 1320;
				TargetAttributes = {
					628E751027C867AF00776F6D = {
						CreatedOnToolsVersion = 13.2;
					};
				};
			};
			buildConfigurationList = 628E750C27C867AF00776F6D /* Build configuration list for PBXProject "Alarm2.0" */;
			compatibilityVersion = "Xcode 13.0";
			developmentRegion = en;
			hasScannedForEncodings = 0;
			knownRegions = (
				en,
				Base,
			);
			mainGroup = 628E750827C867AF00776F6D;
			productRefGroup = 628E751227C867AF00776F6D /* Products */;
			projectDirPath = "";
			projectRoot = "";
			targets = (
				628E751027C867AF00776F6D /* Alarm2.0 */,
			);
		};
/* End PBXProject section */

/* Begin PBXResourcesBuildPhase section */
		628E750F27C867AF00776F6D /* Resources */ = {
			isa = PBXResourcesBuildPhase;
			buildActionMask = 2147483647;
			files = (
				628E752427C867B000776F6D /* LaunchScreen.storyboard in Resources */,
				628E752127C867B000776F6D /* Assets.xcassets in Resources */,
			);
			runOnlyForDeploymentPostprocessing = 0;
		};
/* End PBXResourcesBuildPhase section */

/* Begin PBXShellScriptBuildPhase section */
		D75D9996AA1EC7B3022001C5 /* [CP] Embed Pods Frameworks */ = {
			isa = PBXShellScriptBuildPhase;
			buildActionMask = 2147483647;
			files = (
			);
			inputFileListPaths = (
				"${PODS_ROOT}/Target Support Files/Pods-Alarm2.0/Pods-Alarm2.0-frameworks-${CONFIGURATION}-input-files.xcfilelist",
			);
			name = "[CP] Embed Pods Frameworks";
			outputFileListPaths = (
				"${PODS_ROOT}/Target Support Files/Pods-Alarm2.0/Pods-Alarm2.0-frameworks-${CONFIGURATION}-output-files.xcfilelist",
			);
			runOnlyForDeploymentPostprocessing = 0;
			shellPath = /bin/sh;
			shellScript = "\"${PODS_ROOT}/Target Support Files/Pods-Alarm2.0/Pods-Alarm2.0-frameworks.sh\"\n";
			showEnvVarsInLog = 0;
		};
		ED89798A5F0B05D655657A8A /* [CP] Check Pods Manifest.lock */ = {
			isa = PBXShellScriptBuildPhase;
			buildActionMask = 2147483647;
			files = (
			);
			inputFileListPaths = (
			);
			inputPaths = (
				"${PODS_PODFILE_DIR_PATH}/Podfile.lock",
				"${PODS_ROOT}/Manifest.lock",
			);
			name = "[CP] Check Pods Manifest.lock";
			outputFileListPaths = (
			);
			outputPaths = (
				"$(DERIVED_FILE_DIR)/Pods-Alarm2.0-checkManifestLockResult.txt",
			);
			runOnlyForDeploymentPostprocessing = 0;
			shellPath = /bin/sh;
			shellScript = "diff \"${PODS_PODFILE_DIR_PATH}/Podfile.lock\" \"${PODS_ROOT}/Manifest.lock\" > /dev/null\nif [ $? != 0 ] ; then\n    # print error to STDERR\n    echo \"error: The sandbox is not in sync with the Podfile.lock. Run 'pod install' or update your CocoaPods installation.\" >&2\n    exit 1\nfi\n# This output is used by Xcode 'outputs' to avoid re-running this script phase.\necho \"SUCCESS\" > \"${SCRIPT_OUTPUT_FILE_0}\"\n";
			showEnvVarsInLog = 0;
		};
/* End PBXShellScriptBuildPhase section */

/* Begin PBXSourcesBuildPhase section */
		628E750D27C867AF00776F6D /* Sources */ = {
			isa = PBXSourcesBuildPhase;
			buildActionMask = 2147483647;
			files = (
				628E753C27C8798900776F6D /* MainTabbarViewController.swift in Sources */,
				628E753827C8738600776F6D /* RepeatViewController.swift in Sources */,
				628E754027C879AF00776F6D /* StopWatchViewController.swift in Sources */,
				628E753627C8736700776F6D /* AddAlarmViewController.swift in Sources */,
				62CF4D0927CDFBCF006B05E7 /* RepeatTableViewCell.swift in Sources */,
				628E754427C8A90C00776F6D /* AddAlarmTableViewCell.swift in Sources */,
				6269A1EB27D3218200A03625 /* DatePickerTableViewCell.swift in Sources */,
				6242F41D27D6FE4D008248F4 /* UserNotification.swift in Sources */,
				62CF4D0B27CE17FC006B05E7 /* AlarmMainTableViewCell.swift in Sources */,
				62CF4D0527CDBE37006B05E7 /* AddAlarmSwitchTableViewCell.swift in Sources */,
				628E754227C879C100776F6D /* TimerViewController.swift in Sources */,
				628E753327C86C8300776F6D /* AlarmMainViewController.swift in Sources */,
				628E753E27C879A000776F6D /* WorldClockViewController.swift in Sources */,
				628E751527C867AF00776F6D /* AppDelegate.swift in Sources */,
				628E753127C86C3000776F6D /* Alarm.swift in Sources */,
				62CF4D0727CDEE9D006B05E7 /* Protocol.swift in Sources */,
				628E753A27C873A300776F6D /* AlarmLabelViewController.swift in Sources */,
				628E751727C867AF00776F6D /* SceneDelegate.swift in Sources */,
				628E751F27C867AF00776F6D /* Alarm2_0.xcdatamodeld in Sources */,
				628E754727C8DFF000776F6D /* DatePickerHeaderView.swift in Sources */,
			);
			runOnlyForDeploymentPostprocessing = 0;
		};
/* End PBXSourcesBuildPhase section */

/* Begin PBXVariantGroup section */
		628E752227C867B000776F6D /* LaunchScreen.storyboard */ = {
			isa = PBXVariantGroup;
			children = (
				628E752327C867B000776F6D /* Base */,
			);
			name = LaunchScreen.storyboard;
			sourceTree = "<group>";
		};
/* End PBXVariantGroup section */

/* Begin XCBuildConfiguration section */
		628E752627C867B000776F6D /* Debug */ = {
			isa = XCBuildConfiguration;
			buildSettings = {
				ALWAYS_SEARCH_USER_PATHS = NO;
				CLANG_ANALYZER_NONNULL = YES;
				CLANG_ANALYZER_NUMBER_OBJECT_CONVERSION = YES_AGGRESSIVE;
				CLANG_CXX_LANGUAGE_STANDARD = "gnu++17";
				CLANG_CXX_LIBRARY = "libc++";
				CLANG_ENABLE_MODULES = YES;
				CLANG_ENABLE_OBJC_ARC = YES;
				CLANG_ENABLE_OBJC_WEAK = YES;
				CLANG_WARN_BLOCK_CAPTURE_AUTORELEASING = YES;
				CLANG_WARN_BOOL_CONVERSION = YES;
				CLANG_WARN_COMMA = YES;
				CLANG_WARN_CONSTANT_CONVERSION = YES;
				CLANG_WARN_DEPRECATED_OBJC_IMPLEMENTATIONS = YES;
				CLANG_WARN_DIRECT_OBJC_ISA_USAGE = YES_ERROR;
				CLANG_WARN_DOCUMENTATION_COMMENTS = YES;
				CLANG_WARN_EMPTY_BODY = YES;
				CLANG_WARN_ENUM_CONVERSION = YES;
				CLANG_WARN_INFINITE_RECURSION = YES;
				CLANG_WARN_INT_CONVERSION = YES;
				CLANG_WARN_NON_LITERAL_NULL_CONVERSION = YES;
				CLANG_WARN_OBJC_IMPLICIT_RETAIN_SELF = YES;
				CLANG_WARN_OBJC_LITERAL_CONVERSION = YES;
				CLANG_WARN_OBJC_ROOT_CLASS = YES_ERROR;
				CLANG_WARN_QUOTED_INCLUDE_IN_FRAMEWORK_HEADER = YES;
				CLANG_WARN_RANGE_LOOP_ANALYSIS = YES;
				CLANG_WARN_STRICT_PROTOTYPES = YES;
				CLANG_WARN_SUSPICIOUS_MOVE = YES;
				CLANG_WARN_UNGUARDED_AVAILABILITY = YES_AGGRESSIVE;
				CLANG_WARN_UNREACHABLE_CODE = YES;
				CLANG_WARN__DUPLICATE_METHOD_MATCH = YES;
				COPY_PHASE_STRIP = NO;
				DEBUG_INFORMATION_FORMAT = dwarf;
				ENABLE_STRICT_OBJC_MSGSEND = YES;
				ENABLE_TESTABILITY = YES;
				GCC_C_LANGUAGE_STANDARD = gnu11;
				GCC_DYNAMIC_NO_PIC = NO;
				GCC_NO_COMMON_BLOCKS = YES;
				GCC_OPTIMIZATION_LEVEL = 0;
				GCC_PREPROCESSOR_DEFINITIONS = (
					"DEBUG=1",
					"$(inherited)",
				);
				GCC_WARN_64_TO_32_BIT_CONVERSION = YES;
				GCC_WARN_ABOUT_RETURN_TYPE = YES_ERROR;
				GCC_WARN_UNDECLARED_SELECTOR = YES;
				GCC_WARN_UNINITIALIZED_AUTOS = YES_AGGRESSIVE;
				GCC_WARN_UNUSED_FUNCTION = YES;
				GCC_WARN_UNUSED_VARIABLE = YES;
				IPHONEOS_DEPLOYMENT_TARGET = 15.0;
				MTL_ENABLE_DEBUG_INFO = INCLUDE_SOURCE;
				MTL_FAST_MATH = YES;
				ONLY_ACTIVE_ARCH = YES;
				SDKROOT = iphoneos;
				SWIFT_ACTIVE_COMPILATION_CONDITIONS = DEBUG;
				SWIFT_OPTIMIZATION_LEVEL = "-Onone";
			};
			name = Debug;
		};
		628E752727C867B000776F6D /* Release */ = {
			isa = XCBuildConfiguration;
			buildSettings = {
				ALWAYS_SEARCH_USER_PATHS = NO;
				CLANG_ANALYZER_NONNULL = YES;
				CLANG_ANALYZER_NUMBER_OBJECT_CONVERSION = YES_AGGRESSIVE;
				CLANG_CXX_LANGUAGE_STANDARD = "gnu++17";
				CLANG_CXX_LIBRARY = "libc++";
				CLANG_ENABLE_MODULES = YES;
				CLANG_ENABLE_OBJC_ARC = YES;
				CLANG_ENABLE_OBJC_WEAK = YES;
				CLANG_WARN_BLOCK_CAPTURE_AUTORELEASING = YES;
				CLANG_WARN_BOOL_CONVERSION = YES;
				CLANG_WARN_COMMA = YES;
				CLANG_WARN_CONSTANT_CONVERSION = YES;
				CLANG_WARN_DEPRECATED_OBJC_IMPLEMENTATIONS = YES;
				CLANG_WARN_DIRECT_OBJC_ISA_USAGE = YES_ERROR;
				CLANG_WARN_DOCUMENTATION_COMMENTS = YES;
				CLANG_WARN_EMPTY_BODY = YES;
				CLANG_WARN_ENUM_CONVERSION = YES;
				CLANG_WARN_INFINITE_RECURSION = YES;
				CLANG_WARN_INT_CONVERSION = YES;
				CLANG_WARN_NON_LITERAL_NULL_CONVERSION = YES;
				CLANG_WARN_OBJC_IMPLICIT_RETAIN_SELF = YES;
				CLANG_WARN_OBJC_LITERAL_CONVERSION = YES;
				CLANG_WARN_OBJC_ROOT_CLASS = YES_ERROR;
				CLANG_WARN_QUOTED_INCLUDE_IN_FRAMEWORK_HEADER = YES;
				CLANG_WARN_RANGE_LOOP_ANALYSIS = YES;
				CLANG_WARN_STRICT_PROTOTYPES = YES;
				CLANG_WARN_SUSPICIOUS_MOVE = YES;
				CLANG_WARN_UNGUARDED_AVAILABILITY = YES_AGGRESSIVE;
				CLANG_WARN_UNREACHABLE_CODE = YES;
				CLANG_WARN__DUPLICATE_METHOD_MATCH = YES;
				COPY_PHASE_STRIP = NO;
				DEBUG_INFORMATION_FORMAT = "dwarf-with-dsym";
				ENABLE_NS_ASSERTIONS = NO;
				ENABLE_STRICT_OBJC_MSGSEND = YES;
				GCC_C_LANGUAGE_STANDARD = gnu11;
				GCC_NO_COMMON_BLOCKS = YES;
				GCC_WARN_64_TO_32_BIT_CONVERSION = YES;
				GCC_WARN_ABOUT_RETURN_TYPE = YES_ERROR;
				GCC_WARN_UNDECLARED_SELECTOR = YES;
				GCC_WARN_UNINITIALIZED_AUTOS = YES_AGGRESSIVE;
				GCC_WARN_UNUSED_FUNCTION = YES;
				GCC_WARN_UNUSED_VARIABLE = YES;
				IPHONEOS_DEPLOYMENT_TARGET = 15.0;
				MTL_ENABLE_DEBUG_INFO = NO;
				MTL_FAST_MATH = YES;
				SDKROOT = iphoneos;
				SWIFT_COMPILATION_MODE = wholemodule;
				SWIFT_OPTIMIZATION_LEVEL = "-O";
				VALIDATE_PRODUCT = YES;
			};
			name = Release;
		};
		628E752927C867B000776F6D /* Debug */ = {
			isa = XCBuildConfiguration;
			baseConfigurationReference = D762A1CE9CA911ABFC838716 /* Pods-Alarm2.0.debug.xcconfig */;
			buildSettings = {
				ASSETCATALOG_COMPILER_APPICON_NAME = AppIcon;
				ASSETCATALOG_COMPILER_GLOBAL_ACCENT_COLOR_NAME = AccentColor;
				CODE_SIGN_STYLE = Automatic;
				CURRENT_PROJECT_VERSION = 1;
				DEVELOPMENT_TEAM = G7LV6N67KJ;
				GENERATE_INFOPLIST_FILE = YES;
				INFOPLIST_FILE = Alarm2.0/Info.plist;
				INFOPLIST_KEY_UIApplicationSupportsIndirectInputEvents = YES;
				INFOPLIST_KEY_UILaunchStoryboardName = LaunchScreen;
				INFOPLIST_KEY_UISupportedInterfaceOrientations_iPad = "UIInterfaceOrientationPortrait UIInterfaceOrientationPortraitUpsideDown UIInterfaceOrientationLandscapeLeft UIInterfaceOrientationLandscapeRight";
				INFOPLIST_KEY_UISupportedInterfaceOrientations_iPhone = "UIInterfaceOrientationPortrait UIInterfaceOrientationLandscapeLeft UIInterfaceOrientationLandscapeRight";
				IPHONEOS_DEPLOYMENT_TARGET = 15.0;
				LD_RUNPATH_SEARCH_PATHS = (
					"$(inherited)",
					"@executable_path/Frameworks",
				);
				MARKETING_VERSION = 1.0;
				PRODUCT_BUNDLE_IDENTIFIER = "com.timmy.Alarm2-0";
				PRODUCT_NAME = "$(TARGET_NAME)";
				SWIFT_EMIT_LOC_STRINGS = YES;
				SWIFT_VERSION = 5.0;
				TARGETED_DEVICE_FAMILY = "1,2";
			};
			name = Debug;
		};
		628E752A27C867B000776F6D /* Release */ = {
			isa = XCBuildConfiguration;
			baseConfigurationReference = 5D4216B977C073F880BF4CBF /* Pods-Alarm2.0.release.xcconfig */;
			buildSettings = {
				ASSETCATALOG_COMPILER_APPICON_NAME = AppIcon;
				ASSETCATALOG_COMPILER_GLOBAL_ACCENT_COLOR_NAME = AccentColor;
				CODE_SIGN_STYLE = Automatic;
				CURRENT_PROJECT_VERSION = 1;
				DEVELOPMENT_TEAM = G7LV6N67KJ;
				GENERATE_INFOPLIST_FILE = YES;
				INFOPLIST_FILE = Alarm2.0/Info.plist;
				INFOPLIST_KEY_UIApplicationSupportsIndirectInputEvents = YES;
				INFOPLIST_KEY_UILaunchStoryboardName = LaunchScreen;
				INFOPLIST_KEY_UISupportedInterfaceOrientations_iPad = "UIInterfaceOrientationPortrait UIInterfaceOrientationPortraitUpsideDown UIInterfaceOrientationLandscapeLeft UIInterfaceOrientationLandscapeRight";
				INFOPLIST_KEY_UISupportedInterfaceOrientations_iPhone = "UIInterfaceOrientationPortrait UIInterfaceOrientationLandscapeLeft UIInterfaceOrientationLandscapeRight";
				IPHONEOS_DEPLOYMENT_TARGET = 15.0;
				LD_RUNPATH_SEARCH_PATHS = (
					"$(inherited)",
					"@executable_path/Frameworks",
				);
				MARKETING_VERSION = 1.0;
				PRODUCT_BUNDLE_IDENTIFIER = "com.timmy.Alarm2-0";
				PRODUCT_NAME = "$(TARGET_NAME)";
				SWIFT_EMIT_LOC_STRINGS = YES;
				SWIFT_VERSION = 5.0;
				TARGETED_DEVICE_FAMILY = "1,2";
			};
			name = Release;
		};
/* End XCBuildConfiguration section */

/* Begin XCConfigurationList section */
		628E750C27C867AF00776F6D /* Build configuration list for PBXProject "Alarm2.0" */ = {
			isa = XCConfigurationList;
			buildConfigurations = (
				628E752627C867B000776F6D /* Debug */,
				628E752727C867B000776F6D /* Release */,
			);
			defaultConfigurationIsVisible = 0;
			defaultConfigurationName = Release;
		};
		628E752827C867B000776F6D /* Build configuration list for PBXNativeTarget "Alarm2.0" */ = {
			isa = XCConfigurationList;
			buildConfigurations = (
				628E752927C867B000776F6D /* Debug */,
				628E752A27C867B000776F6D /* Release */,
			);
			defaultConfigurationIsVisible = 0;
			defaultConfigurationName = Release;
		};
/* End XCConfigurationList section */

/* Begin XCVersionGroup section */
		628E751D27C867AF00776F6D /* Alarm2_0.xcdatamodeld */ = {
			isa = XCVersionGroup;
			children = (
				628E751E27C867AF00776F6D /* Alarm2_0.xcdatamodel */,
			);
			currentVersion = 628E751E27C867AF00776F6D /* Alarm2_0.xcdatamodel */;
			path = Alarm2_0.xcdatamodeld;
			sourceTree = "<group>";
			versionGroupType = wrapper.xcdatamodel;
		};
/* End XCVersionGroup section */
	};
	rootObject = 628E750927C867AF00776F6D /* Project object */;
}
